
Microsoft Visual Studio Solution File, Format Version 12.00
Project("{FAE04EC0-301F-11D3-BF4B-00C04F79EFBC}") = "BlazorMVU.Core", "src\BlazorMVU.Core\BlazorMVU.Core.csproj", "{8A1C4D5E-2F3B-4A6C-9D8E-1F2A3B4C5D6E}"
EndProject
Project("{FAE04EC0-301F-11D3-BF4B-00C04F79EFBC}") = "BlazorMVU.Demo", "src\BlazorMVU.Demo\BlazorMVU.Demo.csproj", "{427C9350-FC59-464A-A694-ED63EB5B3C39}"
EndProject
Project("{FAE04EC0-301F-11D3-BF4B-00C04F79EFBC}") = "BlazorMVU.Tests", "src\BlazorMVU.Tests\BlazorMVU.Tests.csproj", "{271B53DA-8798-487B-95AC-6BE72F15561E}"
EndProject
Project("{9A19103F-16F7-4668-BE54-9A1E7A4F7556}") = "_build", "build\_build.csproj", "{96D68EE9-8776-4F81-923C-ADEBB7B7D03B}"
EndProject
Global
	GlobalSection(SolutionConfigurationPlatforms) = preSolution
		Debug|Any CPU = Debug|Any CPU
		Release|Any CPU = Release|Any CPU
	EndGlobalSection
	GlobalSection(ProjectConfigurationPlatforms) = postSolution
		{8A1C4D5E-2F3B-4A6C-9D8E-1F2A3B4C5D6E}.Debug|Any CPU.ActiveCfg = Debug|Any CPU
		{8A1C4D5E-2F3B-4A6C-9D8E-1F2A3B4C5D6E}.Debug|Any CPU.Build.0 = Debug|Any CPU
		{8A1C4D5E-2F3B-4A6C-9D8E-1F2A3B4C5D6E}.Release|Any CPU.ActiveCfg = Release|Any CPU
		{8A1C4D5E-2F3B-4A6C-9D8E-1F2A3B4C5D6E}.Release|Any CPU.Build.0 = Release|Any CPU
		{96D68EE9-8776-4F81-923C-ADEBB7B7D03B}.Debug|Any CPU.ActiveCfg = Debug|Any CPU
		{96D68EE9-8776-4F81-923C-ADEBB7B7D03B}.Release|Any CPU.ActiveCfg = Release|Any CPU
		{427C9350-FC59-464A-A694-ED63EB5B3C39}.Debug|Any CPU.ActiveCfg = Debug|Any CPU
		{427C9350-FC59-464A-A694-ED63EB5B3C39}.Debug|Any CPU.Build.0 = Debug|Any CPU
		{427C9350-FC59-464A-A694-ED63EB5B3C39}.Release|Any CPU.ActiveCfg = Release|Any CPU
		{427C9350-FC59-464A-A694-ED63EB5B3C39}.Release|Any CPU.Build.0 = Release|Any CPU
		{271B53DA-8798-487B-95AC-6BE72F15561E}.Debug|Any CPU.ActiveCfg = Debug|Any CPU
		{271B53DA-8798-487B-95AC-6BE72F15561E}.Debug|Any CPU.Build.0 = Debug|Any CPU
		{271B53DA-8798-487B-95AC-6BE72F15561E}.Release|Any CPU.ActiveCfg = Release|Any CPU
		{271B53DA-8798-487B-95AC-6BE72F15561E}.Release|Any CPU.Build.0 = Release|Any CPU
	EndGlobalSection
EndGlobal
